
Microsoft Visual Studio Solution File, Format Version 12.00
# Visual Studio Version 16
VisualStudioVersion = 16.0.29613.14
MinimumVisualStudioVersion = 10.0.40219.1
Project("{FAE04EC0-301F-11D3-BF4B-00C04F79EFBC}") = "OverrideBoilerplate", "OverrideBoilerplate\OverrideBoilerplate.csproj", "{94D99071-E54C-4364-8306-6B73621527A5}"
EndProject
Global
	GlobalSection(SolutionConfigurationPlatforms) = preSolution
		Debug|Any CPU = Debug|Any CPU
		Release|Any CPU = Release|Any CPU
	EndGlobalSection
	GlobalSection(ProjectConfigurationPlatforms) = postSolution
		{94D99071-E54C-4364-8306-6B73621527A5}.Debug|Any CPU.ActiveCfg = Debug|Any CPU
		{94D99071-E54C-4364-8306-6B73621527A5}.Debug|Any CPU.Build.0 = Debug|Any CPU
		{94D99071-E54C-4364-8306-6B73621527A5}.Release|Any CPU.ActiveCfg = Release|Any CPU
		{94D99071-E54C-4364-8306-6B73621527A5}.Release|Any CPU.Build.0 = Release|Any CPU
	EndGlobalSection
	GlobalSection(SolutionProperties) = preSolution
		HideSolutionNode = FALSE
	EndGlobalSection
	GlobalSection(ExtensibilityGlobals) = postSolution
		SolutionGuid = {A410944C-B5A9-4508-8A5F-42C4D8BA4E20}
	EndGlobalSection
EndGlobal
