
Microsoft Visual Studio Solution File, Format Version 12.00
# Visual Studio Version 16
VisualStudioVersion = 16.0.29613.14
MinimumVisualStudioVersion = 10.0.40219.1
Project("{FAE04EC0-301F-11D3-BF4B-00C04F79EFBC}") = "OverridePersistence", "OverridePersistance\OverridePersistence.csproj", "{80F968EA-A0F1-40F8-858B-AB1C0A0AB547}"
EndProject
Global
	GlobalSection(SolutionConfigurationPlatforms) = preSolution
		Debug|Any CPU = Debug|Any CPU
		Release|Any CPU = Release|Any CPU
	EndGlobalSection
	GlobalSection(ProjectConfigurationPlatforms) = postSolution
		{80F968EA-A0F1-40F8-858B-AB1C0A0AB547}.Debug|Any CPU.ActiveCfg = Debug|Any CPU
		{80F968EA-A0F1-40F8-858B-AB1C0A0AB547}.Debug|Any CPU.Build.0 = Debug|Any CPU
		{80F968EA-A0F1-40F8-858B-AB1C0A0AB547}.Release|Any CPU.ActiveCfg = Release|Any CPU
		{80F968EA-A0F1-40F8-858B-AB1C0A0AB547}.Release|Any CPU.Build.0 = Release|Any CPU
	EndGlobalSection
	GlobalSection(SolutionProperties) = preSolution
		HideSolutionNode = FALSE
	EndGlobalSection
	GlobalSection(ExtensibilityGlobals) = postSolution
		SolutionGuid = {0C48BE76-F6AE-4E96-B539-299ED1D95C13}
	EndGlobalSection
EndGlobal
